{
  "version": "5",
  "specifiers": {
    "npm:@supabase/supabase-js@*": "2.74.0",
    "npm:resend@*": "6.1.2"
  },
  "npm": {
    "@supabase/auth-js@2.74.0": {
      "integrity": "sha512-EJYDxYhBCOS40VJvfQ5zSjo8Ku7JbTICLTcmXt4xHMQZt4IumpRfHg11exXI9uZ6G7fhsQlNgbzDhFN4Ni9NnA==",
      "dependencies": [
        "@supabase/node-fetch"
      ]
    },
    "@supabase/functions-js@2.74.0": {
      "integrity": "sha512-VqWYa981t7xtIFVf7LRb9meklHckbH/tqwaML5P3LgvlaZHpoSPjMCNLcquuLYiJLxnh2rio7IxLh+VlvRvSWw==",
      "dependencies": [
        "@supabase/node-fetch"
      ]
    },
    "@supabase/node-fetch@2.6.15": {
      "integrity": "sha512-1ibVeYUacxWYi9i0cf5efil6adJ9WRyZBLivgjs+AUpewx1F3xPi7gLgaASI2SmIQxPoCEjAsLAzKPgMJVgOUQ==",
      "dependencies": [
        "whatwg-url"
      ]
    },
    "@supabase/postgrest-js@2.74.0": {
      "integrity": "sha512-9Ypa2eS0Ib/YQClE+BhDSjx7OKjYEF6LAGjTB8X4HucdboGEwR0LZKctNfw6V0PPIAVjjzZxIlNBXGv0ypIkHw==",
      "dependencies": [
        "@supabase/node-fetch"
      ]
    },
    "@supabase/realtime-js@2.74.0": {
      "integrity": "sha512-K5VqpA4/7RO1u1nyD5ICFKzWKu58bIDcPxHY0aFA7MyWkFd0pzi/XYXeoSsAifnD9p72gPIpgxVXCQZKJg1ktQ==",
      "dependencies": [
        "@supabase/node-fetch",
        "@types/phoenix",
        "@types/ws",
        "ws"
      ]
    },
    "@supabase/storage-js@2.74.0": {
      "integrity": "sha512-o0cTQdMqHh4ERDLtjUp1/KGPbQoNwKRxUh6f8+KQyjC5DSmiw/r+jgFe/WHh067aW+WU8nA9Ytw9ag7OhzxEkQ==",
      "dependencies": [
        "@supabase/node-fetch"
      ]
    },
    "@supabase/supabase-js@2.74.0": {
      "integrity": "sha512-IEMM/V6gKdP+N/X31KDIczVzghDpiPWFGLNjS8Rus71KvV6y6ueLrrE/JGCHDrU+9pq5copF3iCa0YQh+9Lq9Q==",
      "dependencies": [
        "@supabase/auth-js",
        "@supabase/functions-js",
        "@supabase/node-fetch",
        "@supabase/postgrest-js",
        "@supabase/realtime-js",
        "@supabase/storage-js"
      ]
    },
    "@types/node@24.2.0": {
      "integrity": "sha512-3xyG3pMCq3oYCNg7/ZP+E1ooTaGB4cG8JWRsqqOYQdbWNY4zbaV0Ennrd7stjiJEFZCaybcIgpTjJWHRfBSIDw==",
      "dependencies": [
        "undici-types"
      ]
    },
    "@types/phoenix@1.6.6": {
      "integrity": "sha512-PIzZZlEppgrpoT2QgbnDU+MMzuR6BbCjllj0bM70lWoejMeNJAxCchxnv7J3XFkI8MpygtRpzXrIlmWUBclP5A=="
    },
    "@types/ws@8.18.1": {
      "integrity": "sha512-ThVF6DCVhA8kUGy+aazFQ4kXQ7E1Ty7A3ypFOe0IcJV8O/M511G99AW24irKrW56Wt44yG9+ij8FaqoBGkuBXg==",
      "dependencies": [
        "@types/node"
      ]
    },
    "resend@6.1.2": {
      "integrity": "sha512-C9Q+YkRe57P8MQlkHG3yatSR/B6sqBGA06Ri2DveJfkz9Vm16182FC/iHB0K6IAfmqZ4yRrFebFw1EPuktLtSg=="
    },
    "tr46@0.0.3": {
      "integrity": "sha512-N3WMsuqV66lT30CrXNbEjx4GEwlow3v6rr4mCcv6prnfwhS01rkgyFdjPNBYd9br7LpXV1+Emh01fHnq2Gdgrw=="
    },
    "undici-types@7.10.0": {
      "integrity": "sha512-t5Fy/nfn+14LuOc2KNYg75vZqClpAiqscVvMygNnlsHBFpSXdJaYtXMcdNLpl/Qvc3P2cB3s6lOV51nqsFq4ag=="
    },
    "webidl-conversions@3.0.1": {
      "integrity": "sha512-2JAn3z8AR6rjK8Sm8orRC0h/bcl/DqL7tRPdGZ4I1CjdF+EaMLmYxBHyXuKL849eucPFhvBoxMsflfOb8kxaeQ=="
    },
    "whatwg-url@5.0.0": {
      "integrity": "sha512-saE57nupxk6v3HY35+jzBwYa0rKSy0XR8JSxZPwgLr7ys0IBzhGviA1/TUGJLmSVqs8pb9AnvICXEuOHLprYTw==",
      "dependencies": [
        "tr46",
        "webidl-conversions"
      ]
    },
    "ws@8.18.3": {
      "integrity": "sha512-PEIGCY5tSlUt50cqyMXfCzX+oOPqN0vuGqWzbcJ2xvnkzkq46oOpz7dQaTDBdfICb4N14+GARUDw2XV2N4tvzg=="
    }
  }
}
